
Microsoft Visual Studio Solution File, Format Version 12.00
# Visual Studio Version 17
VisualStudioVersion = 17.9.34728.123
MinimumVisualStudioVersion = 10.0.40219.1
Project("{6EC3EE1D-3C4E-46DD-8F32-0CC8E7565705}") = "DbFlow", "DbFlow\DbFlow.fsproj", "{51DA06FC-BCFB-4DEB-941A-9C7264949895}"
EndProject
Project("{6EC3EE1D-3C4E-46DD-8F32-0CC8E7565705}") = "DbFlow.Test", "DbFlow.Test\DbFlow.Test.fsproj", "{3BBDF23F-9AA5-4202-AF50-32EC2A9D5BB8}"
EndProject
Project("{2150E333-8FDC-42A3-9474-1A3956D46DE8}") = "Solution Items", "Solution Items", "{321F71BE-8447-4804-A9D5-74E3DE35CC89}"
	ProjectSection(SolutionItems) = preProject
		LICENSE.txt = LICENSE.txt
		Milestones.md = Milestones.md
		README.md = README.md
	EndProjectSection
EndProject
Project("{9A19103F-16F7-4668-BE54-9A1E7A4F7556}") = "DbFlow.CSharpExample", "DbFlow.CSharpExample\DbFlow.CSharpExample.csproj", "{1ACD2D4C-97F8-4241-8D0E-9026CE2C9D5A}"
EndProject
Global
	GlobalSection(SolutionConfigurationPlatforms) = preSolution
		Debug|Any CPU = Debug|Any CPU
		Release|Any CPU = Release|Any CPU
	EndGlobalSection
	GlobalSection(ProjectConfigurationPlatforms) = postSolution
		{51DA06FC-BCFB-4DEB-941A-9C7264949895}.Debug|Any CPU.ActiveCfg = Debug|Any CPU
		{51DA06FC-BCFB-4DEB-941A-9C7264949895}.Debug|Any CPU.Build.0 = Debug|Any CPU
		{51DA06FC-BCFB-4DEB-941A-9C7264949895}.Release|Any CPU.ActiveCfg = Release|Any CPU
		{51DA06FC-BCFB-4DEB-941A-9C7264949895}.Release|Any CPU.Build.0 = Release|Any CPU
		{3BBDF23F-9AA5-4202-AF50-32EC2A9D5BB8}.Debug|Any CPU.ActiveCfg = Debug|Any CPU
		{3BBDF23F-9AA5-4202-AF50-32EC2A9D5BB8}.Debug|Any CPU.Build.0 = Debug|Any CPU
		{3BBDF23F-9AA5-4202-AF50-32EC2A9D5BB8}.Release|Any CPU.ActiveCfg = Release|Any CPU
		{3BBDF23F-9AA5-4202-AF50-32EC2A9D5BB8}.Release|Any CPU.Build.0 = Release|Any CPU
		{1ACD2D4C-97F8-4241-8D0E-9026CE2C9D5A}.Debug|Any CPU.ActiveCfg = Debug|Any CPU
		{1ACD2D4C-97F8-4241-8D0E-9026CE2C9D5A}.Debug|Any CPU.Build.0 = Debug|Any CPU
		{1ACD2D4C-97F8-4241-8D0E-9026CE2C9D5A}.Release|Any CPU.ActiveCfg = Release|Any CPU
		{1ACD2D4C-97F8-4241-8D0E-9026CE2C9D5A}.Release|Any CPU.Build.0 = Release|Any CPU
	EndGlobalSection
	GlobalSection(SolutionProperties) = preSolution
		HideSolutionNode = FALSE
	EndGlobalSection
	GlobalSection(ExtensibilityGlobals) = postSolution
		SolutionGuid = {35DC4ACA-4F6F-4912-824F-6301E634AE5F}
	EndGlobalSection
EndGlobal
